
Microsoft Visual Studio Solution File, Format Version 12.00
# Visual Studio Version 17
VisualStudioVersion = 17.4.33213.308
MinimumVisualStudioVersion = 10.0.40219.1
Project("{9A19103F-16F7-4668-BE54-9A1E7A4F7556}") = "REST", "REST\REST.csproj", "{D2C24FB7-A78D-46FA-BD6E-F79C36F68E3C}"
EndProject
Global
	GlobalSection(SolutionConfigurationPlatforms) = preSolution
		Debug|Any CPU = Debug|Any CPU
		Release|Any CPU = Release|Any CPU
	EndGlobalSection
	GlobalSection(ProjectConfigurationPlatforms) = postSolution
		{D2C24FB7-A78D-46FA-BD6E-F79C36F68E3C}.Debug|Any CPU.ActiveCfg = Debug|Any CPU
		{D2C24FB7-A78D-46FA-BD6E-F79C36F68E3C}.Debug|Any CPU.Build.0 = Debug|Any CPU
		{D2C24FB7-A78D-46FA-BD6E-F79C36F68E3C}.Release|Any CPU.ActiveCfg = Release|Any CPU
		{D2C24FB7-A78D-46FA-BD6E-F79C36F68E3C}.Release|Any CPU.Build.0 = Release|Any CPU
	EndGlobalSection
	GlobalSection(SolutionProperties) = preSolution
		HideSolutionNode = FALSE
	EndGlobalSection
	GlobalSection(ExtensibilityGlobals) = postSolution
		SolutionGuid = {8C38FC6B-3B87-45E3-919D-90D7B4F6DC31}
	EndGlobalSection
EndGlobal
