
Microsoft Visual Studio Solution File, Format Version 12.00
# Visual Studio Version 17
VisualStudioVersion = 17.7.34031.279
MinimumVisualStudioVersion = 10.0.40219.1
Project("{FAE04EC0-301F-11D3-BF4B-00C04F79EFBC}") = "REST.Core", "REST.Core\REST.Core.csproj", "{367245AD-6C19-4EED-8417-85E50CE434EE}"
EndProject
Global
	GlobalSection(SolutionConfigurationPlatforms) = preSolution
		Debug|Any CPU = Debug|Any CPU
		Release|Any CPU = Release|Any CPU
	EndGlobalSection
	GlobalSection(ProjectConfigurationPlatforms) = postSolution
		{367245AD-6C19-4EED-8417-85E50CE434EE}.Debug|Any CPU.ActiveCfg = Debug|Any CPU
		{367245AD-6C19-4EED-8417-85E50CE434EE}.Debug|Any CPU.Build.0 = Debug|Any CPU
		{367245AD-6C19-4EED-8417-85E50CE434EE}.Release|Any CPU.ActiveCfg = Release|Any CPU
		{367245AD-6C19-4EED-8417-85E50CE434EE}.Release|Any CPU.Build.0 = Release|Any CPU
	EndGlobalSection
	GlobalSection(SolutionProperties) = preSolution
		HideSolutionNode = FALSE
	EndGlobalSection
	GlobalSection(ExtensibilityGlobals) = postSolution
		SolutionGuid = {A2F2BD3F-612A-405A-B03A-25D96F8853A4}
	EndGlobalSection
EndGlobal
